// !$*UTF8*$!
{
	archiveVersion = 1;
	classes = {
	};
	objectVersion = 46;
	objects = {

/* Begin PBXBuildFile section */
		1EE5EAD11E12F5270060B290 /* AppDelegate.swift in Sources */ = {isa = PBXBuildFile; fileRef = 1EE5EAD01E12F5270060B290 /* AppDelegate.swift */; };
		1EE5EAD31E12F5270060B290 /* ViewController.swift in Sources */ = {isa = PBXBuildFile; fileRef = 1EE5EAD21E12F5270060B290 /* ViewController.swift */; };
		1EE5EAD61E12F5270060B290 /* Main.storyboard in Resources */ = {isa = PBXBuildFile; fileRef = 1EE5EAD41E12F5270060B290 /* Main.storyboard */; };
		1EE5EAD81E12F5270060B290 /* Assets.xcassets in Resources */ = {isa = PBXBuildFile; fileRef = 1EE5EAD71E12F5270060B290 /* Assets.xcassets */; };
		1EE5EADB1E12F5270060B290 /* LaunchScreen.storyboard in Resources */ = {isa = PBXBuildFile; fileRef = 1EE5EAD91E12F5270060B290 /* LaunchScreen.storyboard */; };
/* End PBXBuildFile section */

/* Begin PBXFileReference section */
		1EE5EACD1E12F5270060B290 /* Poop Scoop.app */ = {isa = PBXFileReference; explicitFileType = wrapper.application; includeInIndex = 0; path = "Poop Scoop.app"; sourceTree = BUILT_PRODUCTS_DIR; };
		1EE5EAD01E12F5270060B290 /* AppDelegate.swift */ = {isa = PBXFileReference; lastKnownFileType = sourcecode.swift; path = AppDelegate.swift; sourceTree = "<group>"; };
		1EE5EAD21E12F5270060B290 /* ViewController.swift */ = {isa = PBXFileReference; lastKnownFileType = sourcecode.swift; path = ViewController.swift; sourceTree = "<group>"; };
		1EE5EAD51E12F5270060B290 /* Base */ = {isa = PBXFileReference; lastKnownFileType = file.storyboard; name = Base; path = Base.lproj/Main.storyboard; sourceTree = "<group>"; };
		1EE5EAD71E12F5270060B290 /* Assets.xcassets */ = {isa = PBXFileReference; lastKnownFileType = folder.assetcatalog; path = Assets.xcassets; sourceTree = "<group>"; };
		1EE5EADA1E12F5270060B290 /* Base */ = {isa = PBXFileReference; lastKnownFileType = file.storyboard; name = Base; path = Base.lproj/LaunchScreen.storyboard; sourceTree = "<group>"; };
		1EE5EADC1E12F5270060B290 /* Info.plist */ = {isa = PBXFileReference; lastKnownFileType = text.plist.xml; path = Info.plist; sourceTree = "<group>"; };
/* End PBXFileReference section */

/* Begin PBXFrameworksBuildPhase section */
		1EE5EACA1E12F5270060B290 /* Frameworks */ = {
			isa = PBXFrameworksBuildPhase;
			buildActionMask = 2147483647;
			files = (
			);
			runOnlyForDeploymentPostprocessing = 0;
		};
/* End PBXFrameworksBuildPhase section */

/* Begin PBXGroup section */
		1EE5EAC41E12F5270060B290 = {
			isa = PBXGroup;
			children = (
				1EE5EACF1E12F5270060B290 /* Poop Scoop */,
				1EE5EACE1E12F5270060B290 /* Products */,
			);
			sourceTree = "<group>";
		};
		1EE5EACE1E12F5270060B290 /* Products */ = {
			isa = PBXGroup;
			children = (
				1EE5EACD1E12F5270060B290 /* Poop Scoop.app */,
			);
			name = Products;
			sourceTree = "<group>";
		};
		1EE5EACF1E12F5270060B290 /* Poop Scoop */ = {
			isa = PBXGroup;
			children = (
				1EE5EAD01E12F5270060B290 /* AppDelegate.swift */,
				1EE5EAD21E12F5270060B290 /* ViewController.swift */,
				1EE5EAD41E12F5270060B290 /* Main.storyboard */,
				1EE5EAD71E12F5270060B290 /* Assets.xcassets */,
				1EE5EAD91E12F5270060B290 /* LaunchScreen.storyboard */,
				1EE5EADC1E12F5270060B290 /* Info.plist */,
			);
			path = "Poop Scoop";
			sourceTree = "<group>";
		};
/* End PBXGroup section */

/* Begin PBXNativeTarget section */
		1EE5EACC1E12F5270060B290 /* Poop Scoop */ = {
			isa = PBXNativeTarget;
			buildConfigurationList = 1EE5EADF1E12F5270060B290 /* Build configuration list for PBXNativeTarget "Poop Scoop" */;
			buildPhases = (
				1EE5EAC91E12F5270060B290 /* Sources */,
				1EE5EACA1E12F5270060B290 /* Frameworks */,
				1EE5EACB1E12F5270060B290 /* Resources */,
			);
			buildRules = (
			);
			dependencies = (
			);
			name = "Poop Scoop";
			productName = "Poop Scoop";
			productReference = 1EE5EACD1E12F5270060B290 /* Poop Scoop.app */;
			productType = "com.apple.product-type.application";
		};
/* End PBXNativeTarget section */

/* Begin PBXProject section */
		1EE5EAC51E12F5270060B290 /* Project object */ = {
			isa = PBXProject;
			attributes = {
				LastSwiftUpdateCheck = 0820;
				LastUpgradeCheck = 0820;
				ORGANIZATIONNAME = "Silas Nevstad";
				TargetAttributes = {
					1EE5EACC1E12F5270060B290 = {
						CreatedOnToolsVersion = 8.2.1;
						ProvisioningStyle = Automatic;
					};
				};
			};
			buildConfigurationList = 1EE5EAC81E12F5270060B290 /* Build configuration list for PBXProject "Poop Scoop" */;
			compatibilityVersion = "Xcode 3.2";
			developmentRegion = English;
			hasScannedForEncodings = 0;
			knownRegions = (
				en,
				Base,
			);
			mainGroup = 1EE5EAC41E12F5270060B290;
			productRefGroup = 1EE5EACE1E12F5270060B290 /* Products */;
			projectDirPath = "";
			projectRoot = "";
			targets = (
				1EE5EACC1E12F5270060B290 /* Poop Scoop */,
			);
		};
/* End PBXProject section */

/* Begin PBXResourcesBuildPhase section */
		1EE5EACB1E12F5270060B290 /* Resources */ = {
			isa = PBXResourcesBuildPhase;
			buildActionMask = 2147483647;
			files = (
				1EE5EADB1E12F5270060B290 /* LaunchScreen.storyboard in Resources */,
				1EE5EAD81E12F5270060B290 /* Assets.xcassets in Resources */,
				1EE5EAD61E12F5270060B290 /* Main.storyboard in Resources */,
			);
			runOnlyForDeploymentPostprocessing = 0;
		};
/* End PBXResourcesBuildPhase section */

/* Begin PBXSourcesBuildPhase section */
		1EE5EAC91E12F5270060B290 /* Sources */ = {
			isa = PBXSourcesBuildPhase;
			buildActionMask = 2147483647;
			files = (
				1EE5EAD31E12F5270060B290 /* ViewController.swift in Sources */,
				1EE5EAD11E12F5270060B290 /* AppDelegate.swift in Sources */,
			);
			runOnlyForDeploymentPostprocessing = 0;
		};
/* End PBXSourcesBuildPhase section */

/* Begin PBXVariantGroup section */
		1EE5EAD41E12F5270060B290 /* Main.storyboard */ = {
			isa = PBXVariantGroup;
			children = (
				1EE5EAD51E12F5270060B290 /* Base */,
			);
			name = Main.storyboard;
			sourceTree = "<group>";
		};
		1EE5EAD91E12F5270060B290 /* LaunchScreen.storyboard */ = {
			isa = PBXVariantGroup;
			children = (
				1EE5EADA1E12F5270060B290 /* Base */,
			);
			name = LaunchScreen.storyboard;
			sourceTree = "<group>";
		};
/* End PBXVariantGroup section */

/* Begin XCBuildConfiguration section */
		1EE5EADD1E12F5270060B290 /* Debug */ = {
			isa = XCBuildConfiguration;
			buildSettings = {
				ALWAYS_SEARCH_USER_PATHS = NO;
				CLANG_ANALYZER_NONNULL = YES;
				CLANG_CXX_LANGUAGE_STANDARD = "gnu++0x";
				CLANG_CXX_LIBRARY = "libc++";
				CLANG_ENABLE_MODULES = YES;
				CLANG_ENABLE_OBJC_ARC = YES;
				CLANG_WARN_BOOL_CONVERSION = YES;
				CLANG_WARN_CONSTANT_CONVERSION = YES;
				CLANG_WARN_DIRECT_OBJC_ISA_USAGE = YES_ERROR;
				CLANG_WARN_DOCUMENTATION_COMMENTS = YES;
				CLANG_WARN_EMPTY_BODY = YES;
				CLANG_WARN_ENUM_CONVERSION = YES;
				CLANG_WARN_INFINITE_RECURSION = YES;
				CLANG_WARN_INT_CONVERSION = YES;
				CLANG_WARN_OBJC_ROOT_CLASS = YES_ERROR;
				CLANG_WARN_SUSPICIOUS_MOVE = YES;
				CLANG_WARN_UNREACHABLE_CODE = YES;
				CLANG_WARN__DUPLICATE_METHOD_MATCH = YES;
				"CODE_SIGN_IDENTITY[sdk=iphoneos*]" = "iPhone Developer";
				COPY_PHASE_STRIP = NO;
				DEBUG_INFORMATION_FORMAT = dwarf;
				ENABLE_STRICT_OBJC_MSGSEND = YES;
				ENABLE_TESTABILITY = YES;
				GCC_C_LANGUAGE_STANDARD = gnu99;
				GCC_DYNAMIC_NO_PIC = NO;
				GCC_NO_COMMON_BLOCKS = YES;
				GCC_OPTIMIZATION_LEVEL = 0;
				GCC_PREPROCESSOR_DEFINITIONS = (
					"DEBUG=1",
					"$(inherited)",
				);
				GCC_WARN_64_TO_32_BIT_CONVERSION = YES;
				GCC_WARN_ABOUT_RETURN_TYPE = YES_ERROR;
				GCC_WARN_UNDECLARED_SELECTOR = YES;
				GCC_WARN_UNINITIALIZED_AUTOS = YES_AGGRESSIVE;
				GCC_WARN_UNUSED_FUNCTION = YES;
				GCC_WARN_UNUSED_VARIABLE = YES;
				IPHONEOS_DEPLOYMENT_TARGET = 10.2;
				MTL_ENABLE_DEBUG_INFO = YES;
				ONLY_ACTIVE_ARCH = YES;
				SDKROOT = iphoneos;
				SWIFT_ACTIVE_COMPILATION_CONDITIONS = DEBUG;
				SWIFT_OPTIMIZATION_LEVEL = "-Onone";
				TARGETED_DEVICE_FAMILY = "1,2";
			};
			name = Debug;
		};
		1EE5EADE1E12F5270060B290 /* Release */ = {
			isa = XCBuildConfiguration;
			buildSettings = {
				ALWAYS_SEARCH_USER_PATHS = NO;
				CLANG_ANALYZER_NONNULL = YES;
				CLANG_CXX_LANGUAGE_STANDARD = "gnu++0x";
				CLANG_CXX_LIBRARY = "libc++";
				CLANG_ENABLE_MODULES = YES;
				CLANG_ENABLE_OBJC_ARC = YES;
				CLANG_WARN_BOOL_CONVERSION = YES;
				CLANG_WARN_CONSTANT_CONVERSION = YES;
				CLANG_WARN_DIRECT_OBJC_ISA_USAGE = YES_ERROR;
				CLANG_WARN_DOCUMENTATION_COMMENTS = YES;
				CLANG_WARN_EMPTY_BODY = YES;
				CLANG_WARN_ENUM_CONVERSION = YES;
				CLANG_WARN_INFINITE_RECURSION = YES;
				CLANG_WARN_INT_CONVERSION = YES;
				CLANG_WARN_OBJC_ROOT_CLASS = YES_ERROR;
				CLANG_WARN_SUSPICIOUS_MOVE = YES;
				CLANG_WARN_UNREACHABLE_CODE = YES;
				CLANG_WARN__DUPLICATE_METHOD_MATCH = YES;
				"CODE_SIGN_IDENTITY[sdk=iphoneos*]" = "iPhone Developer";
				COPY_PHASE_STRIP = NO;
				DEBUG_INFORMATION_FORMAT = "dwarf-with-dsym";
				ENABLE_NS_ASSERTIONS = NO;
				ENABLE_STRICT_OBJC_MSGSEND = YES;
				GCC_C_LANGUAGE_STANDARD = gnu99;
				GCC_NO_COMMON_BLOCKS = YES;
				GCC_WARN_64_TO_32_BIT_CONVERSION = YES;
				GCC_WARN_ABOUT_RETURN_TYPE = YES_ERROR;
				GCC_WARN_UNDECLARED_SELECTOR = YES;
				GCC_WARN_UNINITIALIZED_AUTOS = YES_AGGRESSIVE;
				GCC_WARN_UNUSED_FUNCTION = YES;
				GCC_WARN_UNUSED_VARIABLE = YES;
				IPHONEOS_DEPLOYMENT_TARGET = 10.2;
				MTL_ENABLE_DEBUG_INFO = NO;
				SDKROOT = iphoneos;
				SWIFT_OPTIMIZATION_LEVEL = "-Owholemodule";
				TARGETED_DEVICE_FAMILY = "1,2";
				VALIDATE_PRODUCT = YES;
			};
			name = Release;
		};
		1EE5EAE01E12F5270060B290 /* Debug */ = {
			isa = XCBuildConfiguration;
			buildSettings = {
				ASSETCATALOG_COMPILER_APPICON_NAME = AppIcon;
				INFOPLIST_FILE = "Poop Scoop/Info.plist";
				LD_RUNPATH_SEARCH_PATHS = "$(inherited) @executable_path/Frameworks";
				PRODUCT_BUNDLE_IDENTIFIER = "SN.Poop-Scoop";
				PRODUCT_NAME = "$(TARGET_NAME)";
				SWIFT_VERSION = 3.0;
			};
			name = Debug;
		};
		1EE5EAE11E12F5270060B290 /* Release */ = {
			isa = XCBuildConfiguration;
			buildSettings = {
				ASSETCATALOG_COMPILER_APPICON_NAME = AppIcon;
				INFOPLIST_FILE = "Poop Scoop/Info.plist";
				LD_RUNPATH_SEARCH_PATHS = "$(inherited) @executable_path/Frameworks";
				PRODUCT_BUNDLE_IDENTIFIER = "SN.Poop-Scoop";
				PRODUCT_NAME = "$(TARGET_NAME)";
				SWIFT_VERSION = 3.0;
			};
			name = Release;
		};
/* End XCBuildConfiguration section */

/* Begin XCConfigurationList section */
		1EE5EAC81E12F5270060B290 /* Build configuration list for PBXProject "Poop Scoop" */ = {
			isa = XCConfigurationList;
			buildConfigurations = (
				1EE5EADD1E12F5270060B290 /* Debug */,
				1EE5EADE1E12F5270060B290 /* Release */,
			);
			defaultConfigurationIsVisible = 0;
			defaultConfigurationName = Release;
		};
		1EE5EADF1E12F5270060B290 /* Build configuration list for PBXNativeTarget "Poop Scoop" */ = {
			isa = XCConfigurationList;
			buildConfigurations = (
				1EE5EAE01E12F5270060B290 /* Debug */,
				1EE5EAE11E12F5270060B290 /* Release */,
			);
			defaultConfigurationIsVisible = 0;
		};
/* End XCConfigurationList section */
	};
	rootObject = 1EE5EAC51E12F5270060B290 /* Project object */;
}
